
Microsoft Visual Studio Solution File, Format Version 12.00
# Visual Studio Version 16
VisualStudioVersion = 16.0.29215.179
MinimumVisualStudioVersion = 10.0.40219.1
Project("{FAE04EC0-301F-11D3-BF4B-00C04F79EFBC}") = "Sample01", "Sample01\Sample01.csproj", "{90BCF07A-2725-4A44-92BA-401722C37BF4}"
EndProject
Global
	GlobalSection(SolutionConfigurationPlatforms) = preSolution
		Debug|Any CPU = Debug|Any CPU
		Release|Any CPU = Release|Any CPU
	EndGlobalSection
	GlobalSection(ProjectConfigurationPlatforms) = postSolution
		{90BCF07A-2725-4A44-92BA-401722C37BF4}.Debug|Any CPU.ActiveCfg = Debug|Any CPU
		{90BCF07A-2725-4A44-92BA-401722C37BF4}.Debug|Any CPU.Build.0 = Debug|Any CPU
		{90BCF07A-2725-4A44-92BA-401722C37BF4}.Release|Any CPU.ActiveCfg = Release|Any CPU
		{90BCF07A-2725-4A44-92BA-401722C37BF4}.Release|Any CPU.Build.0 = Release|Any CPU
	EndGlobalSection
	GlobalSection(SolutionProperties) = preSolution
		HideSolutionNode = FALSE
	EndGlobalSection
	GlobalSection(ExtensibilityGlobals) = postSolution
		SolutionGuid = {ECE2CB89-2755-4CD7-8DC3-7BA9A40B7ECD}
	EndGlobalSection
EndGlobal
